// !$*UTF8*$!
{
	archiveVersion = 1;
	classes = {
	};
	objectVersion = 55;
	objects = {

/* Begin PBXBuildFile section */
		F20B939E271A440400E849A3 /* Dev_Prod_tutorialApp.swift in Sources */ = {isa = PBXBuildFile; fileRef = F20B939D271A440400E849A3 /* Dev_Prod_tutorialApp.swift */; };
		F20B93A0271A440400E849A3 /* ContentView.swift in Sources */ = {isa = PBXBuildFile; fileRef = F20B939F271A440400E849A3 /* ContentView.swift */; };
		F20B93A2271A440700E849A3 /* Assets.xcassets in Resources */ = {isa = PBXBuildFile; fileRef = F20B93A1271A440700E849A3 /* Assets.xcassets */; };
		F20B93A5271A440700E849A3 /* Preview Assets.xcassets in Resources */ = {isa = PBXBuildFile; fileRef = F20B93A4271A440700E849A3 /* Preview Assets.xcassets */; };
		F2D6188E271DADD80069988F /* GoogleService-Info-Dev.plist in Resources */ = {isa = PBXBuildFile; fileRef = F2D6188D271DADD80069988F /* GoogleService-Info-Dev.plist */; };
		F2D61891271DAE6D0069988F /* FirebaseMessaging in Frameworks */ = {isa = PBXBuildFile; productRef = F2D61890271DAE6D0069988F /* FirebaseMessaging */; };
		F2D61895271DB6530069988F /* GoogleService-Info-Prod.plist in Resources */ = {isa = PBXBuildFile; fileRef = F2D61894271DB6530069988F /* GoogleService-Info-Prod.plist */; };
/* End PBXBuildFile section */

/* Begin PBXFileReference section */
		F20B939A271A440400E849A3 /* Dev_Prod_tutorial.app */ = {isa = PBXFileReference; explicitFileType = wrapper.application; includeInIndex = 0; path = Dev_Prod_tutorial.app; sourceTree = BUILT_PRODUCTS_DIR; };
		F20B939D271A440400E849A3 /* Dev_Prod_tutorialApp.swift */ = {isa = PBXFileReference; lastKnownFileType = sourcecode.swift; path = Dev_Prod_tutorialApp.swift; sourceTree = "<group>"; };
		F20B939F271A440400E849A3 /* ContentView.swift */ = {isa = PBXFileReference; lastKnownFileType = sourcecode.swift; path = ContentView.swift; sourceTree = "<group>"; };
		F20B93A1271A440700E849A3 /* Assets.xcassets */ = {isa = PBXFileReference; lastKnownFileType = folder.assetcatalog; path = Assets.xcassets; sourceTree = "<group>"; };
		F20B93A4271A440700E849A3 /* Preview Assets.xcassets */ = {isa = PBXFileReference; lastKnownFileType = folder.assetcatalog; path = "Preview Assets.xcassets"; sourceTree = "<group>"; };
		F2D6188D271DADD80069988F /* GoogleService-Info-Dev.plist */ = {isa = PBXFileReference; fileEncoding = 4; lastKnownFileType = text.plist.xml; path = "GoogleService-Info-Dev.plist"; sourceTree = "<group>"; };
		F2D61892271DAE940069988F /* Dev_Prod_tutorial.entitlements */ = {isa = PBXFileReference; lastKnownFileType = text.plist.entitlements; path = Dev_Prod_tutorial.entitlements; sourceTree = "<group>"; };
		F2D61894271DB6530069988F /* GoogleService-Info-Prod.plist */ = {isa = PBXFileReference; fileEncoding = 4; lastKnownFileType = text.plist.xml; path = "GoogleService-Info-Prod.plist"; sourceTree = "<group>"; };
/* End PBXFileReference section */

/* Begin PBXFrameworksBuildPhase section */
		F20B9397271A440400E849A3 /* Frameworks */ = {
			isa = PBXFrameworksBuildPhase;
			buildActionMask = 2147483647;
			files = (
				F2D61891271DAE6D0069988F /* FirebaseMessaging in Frameworks */,
			);
			runOnlyForDeploymentPostprocessing = 0;
		};
/* End PBXFrameworksBuildPhase section */

/* Begin PBXGroup section */
		F20B9391271A440400E849A3 = {
			isa = PBXGroup;
			children = (
				F20B939C271A440400E849A3 /* Dev_Prod_tutorial */,
				F20B939B271A440400E849A3 /* Products */,
			);
			sourceTree = "<group>";
		};
		F20B939B271A440400E849A3 /* Products */ = {
			isa = PBXGroup;
			children = (
				F20B939A271A440400E849A3 /* Dev_Prod_tutorial.app */,
			);
			name = Products;
			sourceTree = "<group>";
		};
		F20B939C271A440400E849A3 /* Dev_Prod_tutorial */ = {
			isa = PBXGroup;
			children = (
				F2D61892271DAE940069988F /* Dev_Prod_tutorial.entitlements */,
				F20B939D271A440400E849A3 /* Dev_Prod_tutorialApp.swift */,
				F20B939F271A440400E849A3 /* ContentView.swift */,
				F20B93A1271A440700E849A3 /* Assets.xcassets */,
				F2D61893271DB5680069988F /* Firebase */,
				F20B93A3271A440700E849A3 /* Preview Content */,
			);
			path = Dev_Prod_tutorial;
			sourceTree = "<group>";
		};
		F20B93A3271A440700E849A3 /* Preview Content */ = {
			isa = PBXGroup;
			children = (
				F20B93A4271A440700E849A3 /* Preview Assets.xcassets */,
			);
			path = "Preview Content";
			sourceTree = "<group>";
		};
		F2D61893271DB5680069988F /* Firebase */ = {
			isa = PBXGroup;
			children = (
				F2D61894271DB6530069988F /* GoogleService-Info-Prod.plist */,
				F2D6188D271DADD80069988F /* GoogleService-Info-Dev.plist */,
			);
			path = Firebase;
			sourceTree = "<group>";
		};
/* End PBXGroup section */

/* Begin PBXNativeTarget section */
		F20B9399271A440400E849A3 /* Dev_Prod_tutorial */ = {
			isa = PBXNativeTarget;
			buildConfigurationList = F20B93A8271A440700E849A3 /* Build configuration list for PBXNativeTarget "Dev_Prod_tutorial" */;
			buildPhases = (
				F20B9396271A440400E849A3 /* Sources */,
				F20B9397271A440400E849A3 /* Frameworks */,
				F20B9398271A440400E849A3 /* Resources */,
				F2D61896271DB6C30069988F /* Firebase info plist */,
			);
			buildRules = (
			);
			dependencies = (
			);
			name = Dev_Prod_tutorial;
			packageProductDependencies = (
				F2D61890271DAE6D0069988F /* FirebaseMessaging */,
			);
			productName = Dev_Prod_tutorial;
			productReference = F20B939A271A440400E849A3 /* Dev_Prod_tutorial.app */;
			productType = "com.apple.product-type.application";
		};
/* End PBXNativeTarget section */

/* Begin PBXProject section */
		F20B9392271A440400E849A3 /* Project object */ = {
			isa = PBXProject;
			attributes = {
				BuildIndependentTargetsInParallel = 1;
				LastSwiftUpdateCheck = 1300;
				LastUpgradeCheck = 1300;
				TargetAttributes = {
					F20B9399271A440400E849A3 = {
						CreatedOnToolsVersion = 13.0;
					};
				};
			};
			buildConfigurationList = F20B9395271A440400E849A3 /* Build configuration list for PBXProject "Dev_Prod_tutorial" */;
			compatibilityVersion = "Xcode 13.0";
			developmentRegion = en;
			hasScannedForEncodings = 0;
			knownRegions = (
				en,
				Base,
			);
			mainGroup = F20B9391271A440400E849A3;
			packageReferences = (
				F2D6188F271DAE6D0069988F /* XCRemoteSwiftPackageReference "firebase-ios-sdk" */,
			);
			productRefGroup = F20B939B271A440400E849A3 /* Products */;
			projectDirPath = "";
			projectRoot = "";
			targets = (
				F20B9399271A440400E849A3 /* Dev_Prod_tutorial */,
			);
		};
/* End PBXProject section */

/* Begin PBXResourcesBuildPhase section */
		F20B9398271A440400E849A3 /* Resources */ = {
			isa = PBXResourcesBuildPhase;
			buildActionMask = 2147483647;
			files = (
				F20B93A5271A440700E849A3 /* Preview Assets.xcassets in Resources */,
				F20B93A2271A440700E849A3 /* Assets.xcassets in Resources */,
				F2D6188E271DADD80069988F /* GoogleService-Info-Dev.plist in Resources */,
				F2D61895271DB6530069988F /* GoogleService-Info-Prod.plist in Resources */,
			);
			runOnlyForDeploymentPostprocessing = 0;
		};
/* End PBXResourcesBuildPhase section */

/* Begin PBXShellScriptBuildPhase section */
		F2D61896271DB6C30069988F /* Firebase info plist */ = {
			isa = PBXShellScriptBuildPhase;
			buildActionMask = 2147483647;
			files = (
			);
			inputFileListPaths = (
			);
			inputPaths = (
			);
			name = "Firebase info plist";
			outputFileListPaths = (
			);
			outputPaths = (
			);
			runOnlyForDeploymentPostprocessing = 0;
			shellPath = /bin/sh;
			shellScript = "# Type a script or drag a script file from your workspace to insert its path.\n#파이어베이스 인포 리스트 올리기 개발, 운영 \nPATH_TO_GOOGLE_PLISTS=\"${PROJECT_DIR}/${PRODUCT_NAME}/Firebase\"\n\ncase \"${CONFIGURATION}\" in\n  \"Debug\" )\ncp -r \"$SRCROOT/${PRODUCT_NAME}/Firebase/GoogleService-Info-Dev.plist\" \"${BUILT_PRODUCTS_DIR}/${PRODUCT_NAME}.app/GoogleService-Info.plist\" ;;\n  \"Release\" )\ncp -r \"$SRCROOT/${PRODUCT_NAME}/Firebase/GoogleService-Info-Prod.plist\" \"${BUILT_PRODUCTS_DIR}/${PRODUCT_NAME}.app/GoogleService-Info.plist\" ;;\n*)\n;;\nesac\n";
		};
/* End PBXShellScriptBuildPhase section */

/* Begin PBXSourcesBuildPhase section */
		F20B9396271A440400E849A3 /* Sources */ = {
			isa = PBXSourcesBuildPhase;
			buildActionMask = 2147483647;
			files = (
				F20B93A0271A440400E849A3 /* ContentView.swift in Sources */,
				F20B939E271A440400E849A3 /* Dev_Prod_tutorialApp.swift in Sources */,
			);
			runOnlyForDeploymentPostprocessing = 0;
		};
/* End PBXSourcesBuildPhase section */

/* Begin XCBuildConfiguration section */
		F20B93A6271A440700E849A3 /* Debug */ = {
			isa = XCBuildConfiguration;
			buildSettings = {
				ALWAYS_SEARCH_USER_PATHS = NO;
				CLANG_ANALYZER_NONNULL = YES;
				CLANG_ANALYZER_NUMBER_OBJECT_CONVERSION = YES_AGGRESSIVE;
				CLANG_CXX_LANGUAGE_STANDARD = "gnu++17";
				CLANG_CXX_LIBRARY = "libc++";
				CLANG_ENABLE_MODULES = YES;
				CLANG_ENABLE_OBJC_ARC = YES;
				CLANG_ENABLE_OBJC_WEAK = YES;
				CLANG_WARN_BLOCK_CAPTURE_AUTORELEASING = YES;
				CLANG_WARN_BOOL_CONVERSION = YES;
				CLANG_WARN_COMMA = YES;
				CLANG_WARN_CONSTANT_CONVERSION = YES;
				CLANG_WARN_DEPRECATED_OBJC_IMPLEMENTATIONS = YES;
				CLANG_WARN_DIRECT_OBJC_ISA_USAGE = YES_ERROR;
				CLANG_WARN_DOCUMENTATION_COMMENTS = YES;
				CLANG_WARN_EMPTY_BODY = YES;
				CLANG_WARN_ENUM_CONVERSION = YES;
				CLANG_WARN_INFINITE_RECURSION = YES;
				CLANG_WARN_INT_CONVERSION = YES;
				CLANG_WARN_NON_LITERAL_NULL_CONVERSION = YES;
				CLANG_WARN_OBJC_IMPLICIT_RETAIN_SELF = YES;
				CLANG_WARN_OBJC_LITERAL_CONVERSION = YES;
				CLANG_WARN_OBJC_ROOT_CLASS = YES_ERROR;
				CLANG_WARN_QUOTED_INCLUDE_IN_FRAMEWORK_HEADER = YES;
				CLANG_WARN_RANGE_LOOP_ANALYSIS = YES;
				CLANG_WARN_STRICT_PROTOTYPES = YES;
				CLANG_WARN_SUSPICIOUS_MOVE = YES;
				CLANG_WARN_UNGUARDED_AVAILABILITY = YES_AGGRESSIVE;
				CLANG_WARN_UNREACHABLE_CODE = YES;
				CLANG_WARN__DUPLICATE_METHOD_MATCH = YES;
				COPY_PHASE_STRIP = NO;
				DEBUG_INFORMATION_FORMAT = dwarf;
				ENABLE_STRICT_OBJC_MSGSEND = YES;
				ENABLE_TESTABILITY = YES;
				GCC_C_LANGUAGE_STANDARD = gnu11;
				GCC_DYNAMIC_NO_PIC = NO;
				GCC_NO_COMMON_BLOCKS = YES;
				GCC_OPTIMIZATION_LEVEL = 0;
				GCC_PREPROCESSOR_DEFINITIONS = (
					"DEBUG=1",
					"$(inherited)",
				);
				GCC_WARN_64_TO_32_BIT_CONVERSION = YES;
				GCC_WARN_ABOUT_RETURN_TYPE = YES_ERROR;
				GCC_WARN_UNDECLARED_SELECTOR = YES;
				GCC_WARN_UNINITIALIZED_AUTOS = YES_AGGRESSIVE;
				GCC_WARN_UNUSED_FUNCTION = YES;
				GCC_WARN_UNUSED_VARIABLE = YES;
				IPHONEOS_DEPLOYMENT_TARGET = 15.0;
				MTL_ENABLE_DEBUG_INFO = INCLUDE_SOURCE;
				MTL_FAST_MATH = YES;
				ONLY_ACTIVE_ARCH = YES;
				SDKROOT = iphoneos;
				SWIFT_ACTIVE_COMPILATION_CONDITIONS = DEBUG;
				SWIFT_OPTIMIZATION_LEVEL = "-Onone";
			};
			name = Debug;
		};
		F20B93A7271A440700E849A3 /* Release */ = {
			isa = XCBuildConfiguration;
			buildSettings = {
				ALWAYS_SEARCH_USER_PATHS = NO;
				CLANG_ANALYZER_NONNULL = YES;
				CLANG_ANALYZER_NUMBER_OBJECT_CONVERSION = YES_AGGRESSIVE;
				CLANG_CXX_LANGUAGE_STANDARD = "gnu++17";
				CLANG_CXX_LIBRARY = "libc++";
				CLANG_ENABLE_MODULES = YES;
				CLANG_ENABLE_OBJC_ARC = YES;
				CLANG_ENABLE_OBJC_WEAK = YES;
				CLANG_WARN_BLOCK_CAPTURE_AUTORELEASING = YES;
				CLANG_WARN_BOOL_CONVERSION = YES;
				CLANG_WARN_COMMA = YES;
				CLANG_WARN_CONSTANT_CONVERSION = YES;
				CLANG_WARN_DEPRECATED_OBJC_IMPLEMENTATIONS = YES;
				CLANG_WARN_DIRECT_OBJC_ISA_USAGE = YES_ERROR;
				CLANG_WARN_DOCUMENTATION_COMMENTS = YES;
				CLANG_WARN_EMPTY_BODY = YES;
				CLANG_WARN_ENUM_CONVERSION = YES;
				CLANG_WARN_INFINITE_RECURSION = YES;
				CLANG_WARN_INT_CONVERSION = YES;
				CLANG_WARN_NON_LITERAL_NULL_CONVERSION = YES;
				CLANG_WARN_OBJC_IMPLICIT_RETAIN_SELF = YES;
				CLANG_WARN_OBJC_LITERAL_CONVERSION = YES;
				CLANG_WARN_OBJC_ROOT_CLASS = YES_ERROR;
				CLANG_WARN_QUOTED_INCLUDE_IN_FRAMEWORK_HEADER = YES;
				CLANG_WARN_RANGE_LOOP_ANALYSIS = YES;
				CLANG_WARN_STRICT_PROTOTYPES = YES;
				CLANG_WARN_SUSPICIOUS_MOVE = YES;
				CLANG_WARN_UNGUARDED_AVAILABILITY = YES_AGGRESSIVE;
				CLANG_WARN_UNREACHABLE_CODE = YES;
				CLANG_WARN__DUPLICATE_METHOD_MATCH = YES;
				COPY_PHASE_STRIP = NO;
				DEBUG_INFORMATION_FORMAT = "dwarf-with-dsym";
				ENABLE_NS_ASSERTIONS = NO;
				ENABLE_STRICT_OBJC_MSGSEND = YES;
				GCC_C_LANGUAGE_STANDARD = gnu11;
				GCC_NO_COMMON_BLOCKS = YES;
				GCC_WARN_64_TO_32_BIT_CONVERSION = YES;
				GCC_WARN_ABOUT_RETURN_TYPE = YES_ERROR;
				GCC_WARN_UNDECLARED_SELECTOR = YES;
				GCC_WARN_UNINITIALIZED_AUTOS = YES_AGGRESSIVE;
				GCC_WARN_UNUSED_FUNCTION = YES;
				GCC_WARN_UNUSED_VARIABLE = YES;
				IPHONEOS_DEPLOYMENT_TARGET = 15.0;
				MTL_ENABLE_DEBUG_INFO = NO;
				MTL_FAST_MATH = YES;
				SDKROOT = iphoneos;
				SWIFT_COMPILATION_MODE = wholemodule;
				SWIFT_OPTIMIZATION_LEVEL = "-O";
				VALIDATE_PRODUCT = YES;
			};
			name = Release;
		};
		F20B93A9271A440700E849A3 /* Debug */ = {
			isa = XCBuildConfiguration;
			buildSettings = {
				ASSETCATALOG_COMPILER_APPICON_NAME = AppIcon.Dev;
				ASSETCATALOG_COMPILER_GLOBAL_ACCENT_COLOR_NAME = AccentColor;
				BUNDLE_ID_SUFFIX = "-dev";
				CODE_SIGN_ENTITLEMENTS = Dev_Prod_tutorial/Dev_Prod_tutorial.entitlements;
				CODE_SIGN_STYLE = Automatic;
				CURRENT_PROJECT_VERSION = 1;
				DEVELOPMENT_ASSET_PATHS = "\"Dev_Prod_tutorial/Preview Content\"";
				DEVELOPMENT_TEAM = 67XDG42679;
				ENABLE_PREVIEWS = YES;
				GENERATE_INFOPLIST_FILE = YES;
				INFOPLIST_KEY_CFBundleDisplayName = "디버그";
				INFOPLIST_KEY_UIApplicationSceneManifest_Generation = YES;
				INFOPLIST_KEY_UIApplicationSupportsIndirectInputEvents = YES;
				INFOPLIST_KEY_UILaunchScreen_Generation = YES;
				INFOPLIST_KEY_UISupportedInterfaceOrientations_iPad = "UIInterfaceOrientationPortrait UIInterfaceOrientationPortraitUpsideDown UIInterfaceOrientationLandscapeLeft UIInterfaceOrientationLandscapeRight";
				INFOPLIST_KEY_UISupportedInterfaceOrientations_iPhone = "UIInterfaceOrientationPortrait UIInterfaceOrientationLandscapeLeft UIInterfaceOrientationLandscapeRight";
				IPHONEOS_DEPLOYMENT_TARGET = 14.0;
				LD_RUNPATH_SEARCH_PATHS = (
					"$(inherited)",
					"@executable_path/Frameworks",
				);
				MARKETING_VERSION = 1.0;
				PRODUCT_BUNDLE_IDENTIFIER = "com.tuentuenna.Dev-Prod-tutorial-dev";
				PRODUCT_NAME = "$(TARGET_NAME)";
				SWIFT_EMIT_LOC_STRINGS = YES;
				SWIFT_VERSION = 5.0;
				TARGETED_DEVICE_FAMILY = "1,2";
			};
			name = Debug;
		};
		F20B93AA271A440700E849A3 /* Release */ = {
			isa = XCBuildConfiguration;
			buildSettings = {
				ASSETCATALOG_COMPILER_APPICON_NAME = AppIcon;
				ASSETCATALOG_COMPILER_GLOBAL_ACCENT_COLOR_NAME = AccentColor;
				BUNDLE_ID_SUFFIX = "";
				CODE_SIGN_ENTITLEMENTS = Dev_Prod_tutorial/Dev_Prod_tutorial.entitlements;
				CODE_SIGN_STYLE = Automatic;
				CURRENT_PROJECT_VERSION = 1;
				DEVELOPMENT_ASSET_PATHS = "\"Dev_Prod_tutorial/Preview Content\"";
				DEVELOPMENT_TEAM = 67XDG42679;
				ENABLE_PREVIEWS = YES;
				GENERATE_INFOPLIST_FILE = YES;
				INFOPLIST_KEY_CFBundleDisplayName = "운영";
				INFOPLIST_KEY_UIApplicationSceneManifest_Generation = YES;
				INFOPLIST_KEY_UIApplicationSupportsIndirectInputEvents = YES;
				INFOPLIST_KEY_UILaunchScreen_Generation = YES;
				INFOPLIST_KEY_UISupportedInterfaceOrientations_iPad = "UIInterfaceOrientationPortrait UIInterfaceOrientationPortraitUpsideDown UIInterfaceOrientationLandscapeLeft UIInterfaceOrientationLandscapeRight";
				INFOPLIST_KEY_UISupportedInterfaceOrientations_iPhone = "UIInterfaceOrientationPortrait UIInterfaceOrientationLandscapeLeft UIInterfaceOrientationLandscapeRight";
				IPHONEOS_DEPLOYMENT_TARGET = 14.0;
				LD_RUNPATH_SEARCH_PATHS = (
					"$(inherited)",
					"@executable_path/Frameworks",
				);
				MARKETING_VERSION = 1.0;
				PRODUCT_BUNDLE_IDENTIFIER = "com.tuentuenna.Dev-Prod-tutorial";
				PRODUCT_NAME = "$(TARGET_NAME)";
				SWIFT_EMIT_LOC_STRINGS = YES;
				SWIFT_VERSION = 5.0;
				TARGETED_DEVICE_FAMILY = "1,2";
			};
			name = Release;
		};
/* End XCBuildConfiguration section */

/* Begin XCConfigurationList section */
		F20B9395271A440400E849A3 /* Build configuration list for PBXProject "Dev_Prod_tutorial" */ = {
			isa = XCConfigurationList;
			buildConfigurations = (
				F20B93A6271A440700E849A3 /* Debug */,
				F20B93A7271A440700E849A3 /* Release */,
			);
			defaultConfigurationIsVisible = 0;
			defaultConfigurationName = Release;
		};
		F20B93A8271A440700E849A3 /* Build configuration list for PBXNativeTarget "Dev_Prod_tutorial" */ = {
			isa = XCConfigurationList;
			buildConfigurations = (
				F20B93A9271A440700E849A3 /* Debug */,
				F20B93AA271A440700E849A3 /* Release */,
			);
			defaultConfigurationIsVisible = 0;
			defaultConfigurationName = Release;
		};
/* End XCConfigurationList section */

/* Begin XCRemoteSwiftPackageReference section */
		F2D6188F271DAE6D0069988F /* XCRemoteSwiftPackageReference "firebase-ios-sdk" */ = {
			isa = XCRemoteSwiftPackageReference;
			repositoryURL = "https://github.com/firebase/firebase-ios-sdk.git";
			requirement = {
				kind = upToNextMajorVersion;
				minimumVersion = 8.0.0;
			};
		};
/* End XCRemoteSwiftPackageReference section */

/* Begin XCSwiftPackageProductDependency section */
		F2D61890271DAE6D0069988F /* FirebaseMessaging */ = {
			isa = XCSwiftPackageProductDependency;
			package = F2D6188F271DAE6D0069988F /* XCRemoteSwiftPackageReference "firebase-ios-sdk" */;
			productName = FirebaseMessaging;
		};
/* End XCSwiftPackageProductDependency section */
	};
	rootObject = F20B9392271A440400E849A3 /* Project object */;
}
